
Microsoft Visual Studio Solution File, Format Version 12.00
# Visual Studio Version 17
VisualStudioVersion = 17.3.32819.101
MinimumVisualStudioVersion = 10.0.40219.1
Project("{FAE04EC0-301F-11D3-BF4B-00C04F79EFBC}") = "RockHound", "RockHound.csproj", "{4757D3F9-0DAF-4994-9390-72335DC1D81A}"
EndProject
Global
	GlobalSection(SolutionConfigurationPlatforms) = preSolution
		Debug|Any CPU = Debug|Any CPU
		Release|Any CPU = Release|Any CPU
	EndGlobalSection
	GlobalSection(ProjectConfigurationPlatforms) = postSolution
		{4757D3F9-0DAF-4994-9390-72335DC1D81A}.Debug|Any CPU.ActiveCfg = Debug|Any CPU
		{4757D3F9-0DAF-4994-9390-72335DC1D81A}.Debug|Any CPU.Build.0 = Debug|Any CPU
		{4757D3F9-0DAF-4994-9390-72335DC1D81A}.Release|Any CPU.ActiveCfg = Release|Any CPU
		{4757D3F9-0DAF-4994-9390-72335DC1D81A}.Release|Any CPU.Build.0 = Release|Any CPU
	EndGlobalSection
	GlobalSection(SolutionProperties) = preSolution
		HideSolutionNode = FALSE
	EndGlobalSection
	GlobalSection(ExtensibilityGlobals) = postSolution
		SolutionGuid = {6F2C9BEB-65A3-4056-B3CC-2C857B968932}
	EndGlobalSection
EndGlobal
